
Microsoft Visual Studio Solution File, Format Version 12.00
# Visual Studio Version 17
VisualStudioVersion = 17.6.33815.320
MinimumVisualStudioVersion = 10.0.40219.1
Project("{FAE04EC0-301F-11D3-BF4B-00C04F79EFBC}") = "Banco", "Banco\Banco.csproj", "{E2E89FA6-B61E-4A82-9497-F9BB6E1C183A}"
EndProject
Global
	GlobalSection(SolutionConfigurationPlatforms) = preSolution
		Debug|Any CPU = Debug|Any CPU
		Release|Any CPU = Release|Any CPU
	EndGlobalSection
	GlobalSection(ProjectConfigurationPlatforms) = postSolution
		{E2E89FA6-B61E-4A82-9497-F9BB6E1C183A}.Debug|Any CPU.ActiveCfg = Debug|Any CPU
		{E2E89FA6-B61E-4A82-9497-F9BB6E1C183A}.Debug|Any CPU.Build.0 = Debug|Any CPU
		{E2E89FA6-B61E-4A82-9497-F9BB6E1C183A}.Release|Any CPU.ActiveCfg = Release|Any CPU
		{E2E89FA6-B61E-4A82-9497-F9BB6E1C183A}.Release|Any CPU.Build.0 = Release|Any CPU
	EndGlobalSection
	GlobalSection(SolutionProperties) = preSolution
		HideSolutionNode = FALSE
	EndGlobalSection
	GlobalSection(ExtensibilityGlobals) = postSolution
		SolutionGuid = {BE887E46-8666-448C-9E26-13F6B9AF7BE7}
	EndGlobalSection
EndGlobal
